
Microsoft Visual Studio Solution File, Format Version 12.00
# Visual Studio Version 17
VisualStudioVersion = 17.4.33110.190
MinimumVisualStudioVersion = 10.0.40219.1
Project("{FAE04EC0-301F-11D3-BF4B-00C04F79EFBC}") = "FruitBasket", "FruitBasket\FruitBasket.csproj", "{BC29746D-1955-44D1-B9F7-FDD89354094C}"
EndProject
Global
	GlobalSection(SolutionConfigurationPlatforms) = preSolution
		Debug|Any CPU = Debug|Any CPU
		Release|Any CPU = Release|Any CPU
	EndGlobalSection
	GlobalSection(ProjectConfigurationPlatforms) = postSolution
		{BC29746D-1955-44D1-B9F7-FDD89354094C}.Debug|Any CPU.ActiveCfg = Debug|Any CPU
		{BC29746D-1955-44D1-B9F7-FDD89354094C}.Debug|Any CPU.Build.0 = Debug|Any CPU
		{BC29746D-1955-44D1-B9F7-FDD89354094C}.Release|Any CPU.ActiveCfg = Release|Any CPU
		{BC29746D-1955-44D1-B9F7-FDD89354094C}.Release|Any CPU.Build.0 = Release|Any CPU
	EndGlobalSection
	GlobalSection(SolutionProperties) = preSolution
		HideSolutionNode = FALSE
	EndGlobalSection
	GlobalSection(ExtensibilityGlobals) = postSolution
		SolutionGuid = {7294D8EC-66CC-46FE-BF0F-3660F70C77B5}
	EndGlobalSection
EndGlobal
